# This file is automatically @generated by Cargo.
# It is not intended for manual editing.
version = 4

[[package]]
name = "chela-bip39"
version = "1.0.0-beta.1"
dependencies = [
 "chela-primitives",
]

[[package]]
name = "chela-bundle"
version = "1.0.0-beta.1"

[[package]]
name = "chela-cli"
version = "1.0.0-beta.1"
dependencies = [
 "chela-engine",
 "chela-primitives",
 "chela-share",
]

[[package]]
name = "chela-engine"
version = "1.0.0-beta.1"
dependencies = [
 "chela-bip39",
 "chela-field",
 "chela-primitives",
 "chela-sss",
]

[[package]]
name = "chela-field"
version = "1.0.0-beta.1"

[[package]]
name = "chela-primitives"
version = "1.0.0-beta.1"

[[package]]
name = "chela-share"
version = "1.0.0-beta.1"
dependencies = [
 "chela-bip39",
 "chela-engine",
 "chela-primitives",
 "chela-sss",
]

[[package]]
name = "chela-sss"
version = "1.0.0-beta.1"
dependencies = [
 "chela-field",
 "chela-primitives",
]

[[package]]
name = "chela-tui"
version = "1.0.0-beta.1"
dependencies = [
 "chela-bip39",
 "chela-engine",
 "chela-primitives",
 "chela-share",
]

[[package]]
name = "chela-wasm"
version = "1.0.0-beta.1"
dependencies = [
 "chela-bip39",
 "chela-engine",
 "chela-primitives",
 "chela-share",
]
